
Microsoft Visual Studio Solution File, Format Version 12.00
# Visual Studio Version 17
VisualStudioVersion = 17.10.35013.160
MinimumVisualStudioVersion = 10.0.40219.1
Project("{FAE04EC0-301F-11D3-BF4B-00C04F79EFBC}") = "Assigment2", "Assigment2\Assigment2.csproj", "{1C9BFE3E-3873-44D7-BF9A-362E1FD96CB6}"
EndProject
Global
	GlobalSection(SolutionConfigurationPlatforms) = preSolution
		Debug|Any CPU = Debug|Any CPU
		Release|Any CPU = Release|Any CPU
	EndGlobalSection
	GlobalSection(ProjectConfigurationPlatforms) = postSolution
		{1C9BFE3E-3873-44D7-BF9A-362E1FD96CB6}.Debug|Any CPU.ActiveCfg = Debug|Any CPU
		{1C9BFE3E-3873-44D7-BF9A-362E1FD96CB6}.Debug|Any CPU.Build.0 = Debug|Any CPU
		{1C9BFE3E-3873-44D7-BF9A-362E1FD96CB6}.Release|Any CPU.ActiveCfg = Release|Any CPU
		{1C9BFE3E-3873-44D7-BF9A-362E1FD96CB6}.Release|Any CPU.Build.0 = Release|Any CPU
	EndGlobalSection
	GlobalSection(SolutionProperties) = preSolution
		HideSolutionNode = FALSE
	EndGlobalSection
	GlobalSection(ExtensibilityGlobals) = postSolution
		SolutionGuid = {4E67BB46-CF43-4718-B34E-EB7C27BD25D6}
	EndGlobalSection
EndGlobal
